
Microsoft Visual Studio Solution File, Format Version 12.00
# Visual Studio Version 16
VisualStudioVersion = 16.0.30804.86
MinimumVisualStudioVersion = 10.0.40219.1
Project("{FAE04EC0-301F-11D3-BF4B-00C04F79EFBC}") = "时控", "时控\时控.csproj", "{2476A881-F187-47FB-80EF-8F3F1FC17725}"
EndProject
Global
	GlobalSection(SolutionConfigurationPlatforms) = preSolution
		Debug|Any CPU = Debug|Any CPU
		Release|Any CPU = Release|Any CPU
	EndGlobalSection
	GlobalSection(ProjectConfigurationPlatforms) = postSolution
		{2476A881-F187-47FB-80EF-8F3F1FC17725}.Debug|Any CPU.ActiveCfg = Debug|Any CPU
		{2476A881-F187-47FB-80EF-8F3F1FC17725}.Debug|Any CPU.Build.0 = Debug|Any CPU
		{2476A881-F187-47FB-80EF-8F3F1FC17725}.Release|Any CPU.ActiveCfg = Release|Any CPU
		{2476A881-F187-47FB-80EF-8F3F1FC17725}.Release|Any CPU.Build.0 = Release|Any CPU
	EndGlobalSection
	GlobalSection(SolutionProperties) = preSolution
		HideSolutionNode = FALSE
	EndGlobalSection
	GlobalSection(ExtensibilityGlobals) = postSolution
		SolutionGuid = {A0B41C0B-AF5C-46BD-B232-D0B1CC2447B6}
	EndGlobalSection
EndGlobal
